
Microsoft Visual Studio Solution File, Format Version 12.00
# Visual Studio 15
VisualStudioVersion = 15.0.27130.2026
MinimumVisualStudioVersion = 10.0.40219.1
Project("{9A19103F-16F7-4668-BE54-9A1E7A4F7556}") = "WebDev", "WebDev.csproj", "{3C582CA1-1EA9-47D3-94EB-CF3B2BCA04EE}"
EndProject
Global
	GlobalSection(SolutionConfigurationPlatforms) = preSolution
		Debug|Any CPU = Debug|Any CPU
		Release|Any CPU = Release|Any CPU
	EndGlobalSection
	GlobalSection(ProjectConfigurationPlatforms) = postSolution
		{3C582CA1-1EA9-47D3-94EB-CF3B2BCA04EE}.Debug|Any CPU.ActiveCfg = Debug|Any CPU
		{3C582CA1-1EA9-47D3-94EB-CF3B2BCA04EE}.Debug|Any CPU.Build.0 = Debug|Any CPU
		{3C582CA1-1EA9-47D3-94EB-CF3B2BCA04EE}.Release|Any CPU.ActiveCfg = Release|Any CPU
		{3C582CA1-1EA9-47D3-94EB-CF3B2BCA04EE}.Release|Any CPU.Build.0 = Release|Any CPU
	EndGlobalSection
	GlobalSection(SolutionProperties) = preSolution
		HideSolutionNode = FALSE
	EndGlobalSection
	GlobalSection(ExtensibilityGlobals) = postSolution
		SolutionGuid = {2B0598F1-CC85-438C-9E37-7534FCA7564B}
	EndGlobalSection
EndGlobal
